
Microsoft Visual Studio Solution File, Format Version 12.00
# Visual Studio 2015
Project("{FAE04EC0-301F-11D3-BF4B-00C04F79EFBC}") = "Birdflight", "Birdflight.csproj", "{0726E7CC-5B54-D881-1710-8FBD161A5949}"
EndProject
Global
	GlobalSection(SolutionConfigurationPlatforms) = preSolution
		Debug|Any CPU = Debug|Any CPU
		Release|Any CPU = Release|Any CPU
	EndGlobalSection
	GlobalSection(ProjectConfigurationPlatforms) = postSolution
		{0726E7CC-5B54-D881-1710-8FBD161A5949}.Debug|Any CPU.ActiveCfg = Debug|Any CPU
		{0726E7CC-5B54-D881-1710-8FBD161A5949}.Debug|Any CPU.Build.0 = Debug|Any CPU
		{0726E7CC-5B54-D881-1710-8FBD161A5949}.Release|Any CPU.ActiveCfg = Release|Any CPU
		{0726E7CC-5B54-D881-1710-8FBD161A5949}.Release|Any CPU.Build.0 = Release|Any CPU
	EndGlobalSection
	GlobalSection(SolutionProperties) = preSolution
		HideSolutionNode = FALSE
	EndGlobalSection
EndGlobal
